
Microsoft Visual Studio Solution File, Format Version 12.00
# Visual Studio Version 17
VisualStudioVersion = 17.10.35013.160
MinimumVisualStudioVersion = 10.0.40219.1
Project("{FAE04EC0-301F-11D3-BF4B-00C04F79EFBC}") = "Demo_OO_02_Indexeur", "Demo_OO_02_Indexeur.csproj", "{847CE283-9BFD-4CC1-97FE-E68FE3FACDF0}"
EndProject
Global
	GlobalSection(SolutionConfigurationPlatforms) = preSolution
		Debug|Any CPU = Debug|Any CPU
		Release|Any CPU = Release|Any CPU
	EndGlobalSection
	GlobalSection(ProjectConfigurationPlatforms) = postSolution
		{847CE283-9BFD-4CC1-97FE-E68FE3FACDF0}.Debug|Any CPU.ActiveCfg = Debug|Any CPU
		{847CE283-9BFD-4CC1-97FE-E68FE3FACDF0}.Debug|Any CPU.Build.0 = Debug|Any CPU
		{847CE283-9BFD-4CC1-97FE-E68FE3FACDF0}.Release|Any CPU.ActiveCfg = Release|Any CPU
		{847CE283-9BFD-4CC1-97FE-E68FE3FACDF0}.Release|Any CPU.Build.0 = Release|Any CPU
	EndGlobalSection
	GlobalSection(SolutionProperties) = preSolution
		HideSolutionNode = FALSE
	EndGlobalSection
	GlobalSection(ExtensibilityGlobals) = postSolution
		SolutionGuid = {010AA71F-D104-4A3C-9317-966E665EF5C4}
	EndGlobalSection
EndGlobal
